
Microsoft Visual Studio Solution File, Format Version 12.00
# Visual Studio 15
VisualStudioVersion = 15.0.28010.2046
MinimumVisualStudioVersion = 10.0.40219.1
Project("{FAE04EC0-301F-11D3-BF4B-00C04F79EFBC}") = "ClassLibrary_Confronto", "ClassLibrary_Confronto\ClassLibrary_Confronto.csproj", "{DBFE3127-29CF-4F9A-AB21-0BBA5EF83F04}"
EndProject
Project("{FAE04EC0-301F-11D3-BF4B-00C04F79EFBC}") = "ClassLibrary_Confronto_Tests", "ClassLibrary_Confronto_Tests\ClassLibrary_Confronto_Tests.csproj", "{19D3A9C3-3849-4F57-8D71-5B44A4AA3F57}"
EndProject
Global
	GlobalSection(SolutionConfigurationPlatforms) = preSolution
		Debug|Any CPU = Debug|Any CPU
		Release|Any CPU = Release|Any CPU
	EndGlobalSection
	GlobalSection(ProjectConfigurationPlatforms) = postSolution
		{DBFE3127-29CF-4F9A-AB21-0BBA5EF83F04}.Debug|Any CPU.ActiveCfg = Debug|Any CPU
		{DBFE3127-29CF-4F9A-AB21-0BBA5EF83F04}.Debug|Any CPU.Build.0 = Debug|Any CPU
		{DBFE3127-29CF-4F9A-AB21-0BBA5EF83F04}.Release|Any CPU.ActiveCfg = Release|Any CPU
		{DBFE3127-29CF-4F9A-AB21-0BBA5EF83F04}.Release|Any CPU.Build.0 = Release|Any CPU
		{19D3A9C3-3849-4F57-8D71-5B44A4AA3F57}.Debug|Any CPU.ActiveCfg = Debug|Any CPU
		{19D3A9C3-3849-4F57-8D71-5B44A4AA3F57}.Debug|Any CPU.Build.0 = Debug|Any CPU
		{19D3A9C3-3849-4F57-8D71-5B44A4AA3F57}.Release|Any CPU.ActiveCfg = Release|Any CPU
		{19D3A9C3-3849-4F57-8D71-5B44A4AA3F57}.Release|Any CPU.Build.0 = Release|Any CPU
	EndGlobalSection
	GlobalSection(SolutionProperties) = preSolution
		HideSolutionNode = FALSE
	EndGlobalSection
	GlobalSection(ExtensibilityGlobals) = postSolution
		SolutionGuid = {52FC9DBD-A508-4C44-B074-6B962B230828}
	EndGlobalSection
EndGlobal
